
Microsoft Visual Studio Solution File, Format Version 12.00
# Visual Studio Version 16
VisualStudioVersion = 16.0.29920.165
MinimumVisualStudioVersion = 10.0.40219.1
Project("{9A19103F-16F7-4668-BE54-9A1E7A4F7556}") = "P01_HospitalDatabase", "P01_HospitalDatabase\P01_HospitalDatabase.csproj", "{BC5BE236-ABEE-497C-9E57-0A545E08FFD7}"
EndProject
Global
	GlobalSection(SolutionConfigurationPlatforms) = preSolution
		Debug|Any CPU = Debug|Any CPU
		Release|Any CPU = Release|Any CPU
	EndGlobalSection
	GlobalSection(ProjectConfigurationPlatforms) = postSolution
		{BC5BE236-ABEE-497C-9E57-0A545E08FFD7}.Debug|Any CPU.ActiveCfg = Debug|Any CPU
		{BC5BE236-ABEE-497C-9E57-0A545E08FFD7}.Debug|Any CPU.Build.0 = Debug|Any CPU
		{BC5BE236-ABEE-497C-9E57-0A545E08FFD7}.Release|Any CPU.ActiveCfg = Release|Any CPU
		{BC5BE236-ABEE-497C-9E57-0A545E08FFD7}.Release|Any CPU.Build.0 = Release|Any CPU
	EndGlobalSection
	GlobalSection(SolutionProperties) = preSolution
		HideSolutionNode = FALSE
	EndGlobalSection
	GlobalSection(ExtensibilityGlobals) = postSolution
		SolutionGuid = {09228588-0FCB-4B44-A2B2-A253994E4E4F}
	EndGlobalSection
EndGlobal
