
Microsoft Visual Studio Solution File, Format Version 12.00
# Visual Studio Version 16
VisualStudioVersion = 16.0.29920.165
MinimumVisualStudioVersion = 10.0.40219.1
Project("{9A19103F-16F7-4668-BE54-9A1E7A4F7556}") = "CasSystem", "CasSystem\CasSystem.csproj", "{49F8B587-119B-465B-8A16-0FB1F0494E30}"
EndProject
Project("{FAE04EC0-301F-11D3-BF4B-00C04F79EFBC}") = "MyClassLibrary", "MyClassLibrary\MyClassLibrary.csproj", "{0C5D8500-784A-4752-958B-D01A6C54778D}"
EndProject
Global
	GlobalSection(SolutionConfigurationPlatforms) = preSolution
		Debug|Any CPU = Debug|Any CPU
		Release|Any CPU = Release|Any CPU
	EndGlobalSection
	GlobalSection(ProjectConfigurationPlatforms) = postSolution
		{49F8B587-119B-465B-8A16-0FB1F0494E30}.Debug|Any CPU.ActiveCfg = Debug|Any CPU
		{49F8B587-119B-465B-8A16-0FB1F0494E30}.Debug|Any CPU.Build.0 = Debug|Any CPU
		{49F8B587-119B-465B-8A16-0FB1F0494E30}.Release|Any CPU.ActiveCfg = Release|Any CPU
		{49F8B587-119B-465B-8A16-0FB1F0494E30}.Release|Any CPU.Build.0 = Release|Any CPU
		{0C5D8500-784A-4752-958B-D01A6C54778D}.Debug|Any CPU.ActiveCfg = Debug|Any CPU
		{0C5D8500-784A-4752-958B-D01A6C54778D}.Debug|Any CPU.Build.0 = Debug|Any CPU
		{0C5D8500-784A-4752-958B-D01A6C54778D}.Release|Any CPU.ActiveCfg = Release|Any CPU
		{0C5D8500-784A-4752-958B-D01A6C54778D}.Release|Any CPU.Build.0 = Release|Any CPU
	EndGlobalSection
	GlobalSection(SolutionProperties) = preSolution
		HideSolutionNode = FALSE
	EndGlobalSection
	GlobalSection(ExtensibilityGlobals) = postSolution
		SolutionGuid = {B6E164BF-5938-45C1-97CA-988C64F4A7DB}
	EndGlobalSection
EndGlobal
